
Microsoft Visual Studio Solution File, Format Version 12.00
# Visual Studio Version 16
VisualStudioVersion = 16.0.31019.35
MinimumVisualStudioVersion = 10.0.40219.1
Project("{2150E333-8FDC-42A3-9474-1A3956D46DE8}") = "Cars.microservice", "Cars.microservice", "{29F8DAC7-2502-42C2-9430-A4EA9C41AD0A}"
EndProject
Project("{9A19103F-16F7-4668-BE54-9A1E7A4F7556}") = "Cars.API", "src\Cars\Cars.API\Cars.API.csproj", "{6680CF7C-7030-458C-965E-F1D5672E63D9}"
EndProject
Project("{9A19103F-16F7-4668-BE54-9A1E7A4F7556}") = "Cars.Data", "src\Cars\Cars.Data\Cars.Data.csproj", "{CB7DEB50-9A6D-441C-B67C-EA945971F928}"
EndProject
Project("{2150E333-8FDC-42A3-9474-1A3956D46DE8}") = "Cars.Test", "Cars.Test", "{58FF5EAE-2A69-428B-9B65-5C6ED7B4E211}"
EndProject
Project("{9A19103F-16F7-4668-BE54-9A1E7A4F7556}") = "CarsUnitTest", "src\Test\CarsUnitTest\CarsUnitTest.csproj", "{AE837CD7-FEC7-4BE0-9225-22AA7CC45729}"
EndProject
Project("{2150E333-8FDC-42A3-9474-1A3956D46DE8}") = "Calculate.microservice", "Calculate.microservice", "{DD722DFA-9351-4766-85EE-9E769D828C03}"
EndProject
Project("{9A19103F-16F7-4668-BE54-9A1E7A4F7556}") = "Calculate.API", "src\Calculate\Calculate.API\Calculate.API.csproj", "{9CE7A66F-9DC0-458B-AEC7-F0F8318D4FED}"
EndProject
Project("{2150E333-8FDC-42A3-9474-1A3956D46DE8}") = "src", "src", "{B8CBCA9C-E628-49C1-BF6C-7C1FF0246D2C}"
EndProject
Project("{2150E333-8FDC-42A3-9474-1A3956D46DE8}") = "ApiGateway", "ApiGateway", "{8AE8CCDF-B7D5-452A-853C-5231D9ED7854}"
EndProject
Project("{FAE04EC0-301F-11D3-BF4B-00C04F79EFBC}") = "APIGateway", "src\ApiGateway\APIGateway\APIGateway.csproj", "{0BF6DA5F-8C0C-4BEF-B6DC-CA76118BE37D}"
EndProject
Project("{E53339B2-1760-4266-BCC7-CA923CBCF16C}") = "docker-compose", "docker-compose.dcproj", "{B3063CFA-30E0-4190-9A16-0D1482089229}"
EndProject
Global
	GlobalSection(SolutionConfigurationPlatforms) = preSolution
		Debug|Any CPU = Debug|Any CPU
		Release|Any CPU = Release|Any CPU
	EndGlobalSection
	GlobalSection(ProjectConfigurationPlatforms) = postSolution
		{6680CF7C-7030-458C-965E-F1D5672E63D9}.Debug|Any CPU.ActiveCfg = Debug|Any CPU
		{6680CF7C-7030-458C-965E-F1D5672E63D9}.Debug|Any CPU.Build.0 = Debug|Any CPU
		{6680CF7C-7030-458C-965E-F1D5672E63D9}.Release|Any CPU.ActiveCfg = Release|Any CPU
		{6680CF7C-7030-458C-965E-F1D5672E63D9}.Release|Any CPU.Build.0 = Release|Any CPU
		{CB7DEB50-9A6D-441C-B67C-EA945971F928}.Debug|Any CPU.ActiveCfg = Debug|Any CPU
		{CB7DEB50-9A6D-441C-B67C-EA945971F928}.Debug|Any CPU.Build.0 = Debug|Any CPU
		{CB7DEB50-9A6D-441C-B67C-EA945971F928}.Release|Any CPU.ActiveCfg = Release|Any CPU
		{CB7DEB50-9A6D-441C-B67C-EA945971F928}.Release|Any CPU.Build.0 = Release|Any CPU
		{AE837CD7-FEC7-4BE0-9225-22AA7CC45729}.Debug|Any CPU.ActiveCfg = Debug|Any CPU
		{AE837CD7-FEC7-4BE0-9225-22AA7CC45729}.Debug|Any CPU.Build.0 = Debug|Any CPU
		{AE837CD7-FEC7-4BE0-9225-22AA7CC45729}.Release|Any CPU.ActiveCfg = Release|Any CPU
		{AE837CD7-FEC7-4BE0-9225-22AA7CC45729}.Release|Any CPU.Build.0 = Release|Any CPU
		{9CE7A66F-9DC0-458B-AEC7-F0F8318D4FED}.Debug|Any CPU.ActiveCfg = Debug|Any CPU
		{9CE7A66F-9DC0-458B-AEC7-F0F8318D4FED}.Debug|Any CPU.Build.0 = Debug|Any CPU
		{9CE7A66F-9DC0-458B-AEC7-F0F8318D4FED}.Release|Any CPU.ActiveCfg = Release|Any CPU
		{9CE7A66F-9DC0-458B-AEC7-F0F8318D4FED}.Release|Any CPU.Build.0 = Release|Any CPU
		{0BF6DA5F-8C0C-4BEF-B6DC-CA76118BE37D}.Debug|Any CPU.ActiveCfg = Debug|Any CPU
		{0BF6DA5F-8C0C-4BEF-B6DC-CA76118BE37D}.Debug|Any CPU.Build.0 = Debug|Any CPU
		{0BF6DA5F-8C0C-4BEF-B6DC-CA76118BE37D}.Release|Any CPU.ActiveCfg = Release|Any CPU
		{0BF6DA5F-8C0C-4BEF-B6DC-CA76118BE37D}.Release|Any CPU.Build.0 = Release|Any CPU
		{B3063CFA-30E0-4190-9A16-0D1482089229}.Debug|Any CPU.ActiveCfg = Debug|Any CPU
		{B3063CFA-30E0-4190-9A16-0D1482089229}.Debug|Any CPU.Build.0 = Debug|Any CPU
		{B3063CFA-30E0-4190-9A16-0D1482089229}.Release|Any CPU.ActiveCfg = Release|Any CPU
		{B3063CFA-30E0-4190-9A16-0D1482089229}.Release|Any CPU.Build.0 = Release|Any CPU
	EndGlobalSection
	GlobalSection(SolutionProperties) = preSolution
		HideSolutionNode = FALSE
	EndGlobalSection
	GlobalSection(NestedProjects) = preSolution
		{29F8DAC7-2502-42C2-9430-A4EA9C41AD0A} = {B8CBCA9C-E628-49C1-BF6C-7C1FF0246D2C}
		{6680CF7C-7030-458C-965E-F1D5672E63D9} = {29F8DAC7-2502-42C2-9430-A4EA9C41AD0A}
		{CB7DEB50-9A6D-441C-B67C-EA945971F928} = {29F8DAC7-2502-42C2-9430-A4EA9C41AD0A}
		{58FF5EAE-2A69-428B-9B65-5C6ED7B4E211} = {B8CBCA9C-E628-49C1-BF6C-7C1FF0246D2C}
		{AE837CD7-FEC7-4BE0-9225-22AA7CC45729} = {58FF5EAE-2A69-428B-9B65-5C6ED7B4E211}
		{DD722DFA-9351-4766-85EE-9E769D828C03} = {B8CBCA9C-E628-49C1-BF6C-7C1FF0246D2C}
		{9CE7A66F-9DC0-458B-AEC7-F0F8318D4FED} = {DD722DFA-9351-4766-85EE-9E769D828C03}
		{8AE8CCDF-B7D5-452A-853C-5231D9ED7854} = {B8CBCA9C-E628-49C1-BF6C-7C1FF0246D2C}
		{0BF6DA5F-8C0C-4BEF-B6DC-CA76118BE37D} = {8AE8CCDF-B7D5-452A-853C-5231D9ED7854}
	EndGlobalSection
	GlobalSection(ExtensibilityGlobals) = postSolution
		SolutionGuid = {3F4C610D-B4FD-40CA-AD6C-1B2DB376CB8E}
	EndGlobalSection
EndGlobal
